
Microsoft Visual Studio Solution File, Format Version 12.00
# Visual Studio Version 17
VisualStudioVersion = 17.0.31903.59
MinimumVisualStudioVersion = 10.0.40219.1
Project("{2150E333-8FDC-42A3-9474-1A3956D46DE8}") = "src", "src", "{23923216-8157-43FA-8D60-223DA8741201}"
EndProject
Project("{FAE04EC0-301F-11D3-BF4B-00C04F79EFBC}") = "JsonHero.Api", "api\JsonHero.Api.csproj", "{C51FC701-FB92-4E5C-8C6C-CEE1CC5AC5A9}"
EndProject
Project("{FAE04EC0-301F-11D3-BF4B-00C04F79EFBC}") = "JsonHero.Api.Tests", "tests\JsonHero.Api.Tests\JsonHero.Api.Tests.csproj", "{2AB1D354-208E-4396-8747-AE7A36739DE9}"
EndProject
Global
	GlobalSection(SolutionConfigurationPlatforms) = preSolution
		Debug|Any CPU = Debug|Any CPU
		Release|Any CPU = Release|Any CPU
	EndGlobalSection
	GlobalSection(SolutionProperties) = preSolution
		HideSolutionNode = FALSE
	EndGlobalSection
	GlobalSection(ProjectConfigurationPlatforms) = postSolution
		{C51FC701-FB92-4E5C-8C6C-CEE1CC5AC5A9}.Debug|Any CPU.ActiveCfg = Debug|Any CPU
		{C51FC701-FB92-4E5C-8C6C-CEE1CC5AC5A9}.Debug|Any CPU.Build.0 = Debug|Any CPU
		{C51FC701-FB92-4E5C-8C6C-CEE1CC5AC5A9}.Release|Any CPU.ActiveCfg = Release|Any CPU
		{C51FC701-FB92-4E5C-8C6C-CEE1CC5AC5A9}.Release|Any CPU.Build.0 = Release|Any CPU
		{2AB1D354-208E-4396-8747-AE7A36739DE9}.Debug|Any CPU.ActiveCfg = Debug|Any CPU
		{2AB1D354-208E-4396-8747-AE7A36739DE9}.Debug|Any CPU.Build.0 = Debug|Any CPU
		{2AB1D354-208E-4396-8747-AE7A36739DE9}.Release|Any CPU.ActiveCfg = Release|Any CPU
		{2AB1D354-208E-4396-8747-AE7A36739DE9}.Release|Any CPU.Build.0 = Release|Any CPU
	EndGlobalSection
	GlobalSection(NestedProjects) = preSolution
		{C51FC701-FB92-4E5C-8C6C-CEE1CC5AC5A9} = {23923216-8157-43FA-8D60-223DA8741201}
		{2AB1D354-208E-4396-8747-AE7A36739DE9} = {23923216-8157-43FA-8D60-223DA8741201}
	EndGlobalSection
EndGlobal
